
Microsoft Visual Studio Solution File, Format Version 12.00
# Visual Studio 14
VisualStudioVersion = 14.0.25123.0
MinimumVisualStudioVersion = 10.0.40219.1
Project("{FAE04EC0-301F-11D3-BF4B-00C04F79EFBC}") = "HTECassignment", "HTECassignment\HTECassignment.csproj", "{F4881C36-278A-4B49-B717-8502F926E735}"
EndProject
Global
	GlobalSection(SolutionConfigurationPlatforms) = preSolution
		Debug|Any CPU = Debug|Any CPU
		Release|Any CPU = Release|Any CPU
	EndGlobalSection
	GlobalSection(ProjectConfigurationPlatforms) = postSolution
		{F4881C36-278A-4B49-B717-8502F926E735}.Debug|Any CPU.ActiveCfg = Debug|Any CPU
		{F4881C36-278A-4B49-B717-8502F926E735}.Debug|Any CPU.Build.0 = Debug|Any CPU
		{F4881C36-278A-4B49-B717-8502F926E735}.Release|Any CPU.ActiveCfg = Release|Any CPU
		{F4881C36-278A-4B49-B717-8502F926E735}.Release|Any CPU.Build.0 = Release|Any CPU
	EndGlobalSection
	GlobalSection(SolutionProperties) = preSolution
		HideSolutionNode = FALSE
	EndGlobalSection
EndGlobal
